<Solution>
  <Project Path="Bai1.2/Bai1.2.csproj" />
  <Project Path="Bai1.3/Bai1.3.csproj" Id="d5372e09-8b11-4397-aea8-346d969a9d0a" />
  <Project Path="Bai1.4/Bai1.4.csproj" Id="c77ad283-9f6c-4084-b4cd-c18c047fbd9b" />
  <Project Path="Bai1.5/Bai1.5.csproj" Id="7ba04d43-9cfd-4daa-b5cf-b7a879b6b6d0" />
  <Project Path="Bai2.1/Bai2.1.csproj" Id="52ebb6f7-0b75-45b0-8a84-490a19d41072" />
  <Project Path="Bai2.2/Bai2.2.csproj" Id="7cdb19a2-39d8-4349-ab02-913c1438bda8" />
  <Project Path="Bai2.3/Bai2.3.csproj" Id="1475cca9-808e-410a-aaa9-8fbe544f7e95" />
  <Project Path="Bai2.4(DayPhanSo)/Bai2.4(DayPhanSo).csproj" Id="e443183d-cff8-4f17-800c-d8e31b1df6e1" />
  <Project Path="Bai2.4/Bai2.4.csproj" Id="9f6d082a-808b-4f8a-8b46-4d1a5fae9d3d" />
  <Project Path="Bai2.5/Bai2.3(DaThuc).csproj" Id="73075fd6-4ca6-4033-b3d7-a5e4348d3660" />
  <Project Path="Bai2.5/Bai2.5.csproj" Id="df44f90b-8567-4a7d-beec-440461d5419d" />
  <Project Path="Bai3.1/Bai3.1.csproj" Id="7d5551e3-724c-4e46-8e03-924302a6c1ca" />
  <Project Path="Bai3.2/Bai3.2.csproj" Id="eefc5e44-fd29-481c-b9c3-ee727e3e0710" />
  <Project Path="Bai3.3/Bai3.3.csproj" Id="688ab55a-23c3-4055-a842-f79620c32d64" />
  <Project Path="Lab02/Bai1.1.csproj" />
</Solution>
