<Solution>
  <Project Path="Bai1(NangCao)/Bai1(NangCao).csproj" Id="1b0e995c-8e52-4cb2-978b-e9138a2d4dcb" />
  <Project Path="Bai1/Bai1.csproj" Id="a29c559c-ea3d-489d-8f1a-5984400eb2f1" />
  <Project Path="Bai2/Bai2.csproj" Id="a6d63b55-f589-45e5-b059-18bf416cf532" />
  <Project Path="Bai3/Bai3.csproj" Id="18890d2a-72be-4799-95ff-69e446286947" />
  <Project Path="Bai4/Bai4.csproj" Id="8d098c39-015b-4f24-bc02-ab8856200589" />
  <Project Path="Bai5/Bai5.csproj" Id="2c4b2205-8bde-47b2-aec2-dbec2b66495a" />
</Solution>
